
Microsoft Visual Studio Solution File, Format Version 12.00
# Visual Studio Version 17
VisualStudioVersion = 17.4.33110.190
MinimumVisualStudioVersion = 10.0.40219.1
Project("{FAE04EC0-301F-11D3-BF4B-00C04F79EFBC}") = "ProjetoForms", "ProjetoForms.csproj", "{6999D342-5BED-485D-A6B5-E402B306AF39}"
EndProject
Global
	GlobalSection(SolutionConfigurationPlatforms) = preSolution
		Debug|Any CPU = Debug|Any CPU
		Release|Any CPU = Release|Any CPU
	EndGlobalSection
	GlobalSection(ProjectConfigurationPlatforms) = postSolution
		{6999D342-5BED-485D-A6B5-E402B306AF39}.Debug|Any CPU.ActiveCfg = Debug|Any CPU
		{6999D342-5BED-485D-A6B5-E402B306AF39}.Debug|Any CPU.Build.0 = Debug|Any CPU
		{6999D342-5BED-485D-A6B5-E402B306AF39}.Release|Any CPU.ActiveCfg = Release|Any CPU
		{6999D342-5BED-485D-A6B5-E402B306AF39}.Release|Any CPU.Build.0 = Release|Any CPU
	EndGlobalSection
	GlobalSection(SolutionProperties) = preSolution
		HideSolutionNode = FALSE
	EndGlobalSection
	GlobalSection(ExtensibilityGlobals) = postSolution
		SolutionGuid = {EAE8C470-9A5B-4D3F-A688-E3E9A7A39AA6}
	EndGlobalSection
EndGlobal
